
Microsoft Visual Studio Solution File, Format Version 12.00
# Visual Studio Version 16
VisualStudioVersion = 16.0.30011.22
MinimumVisualStudioVersion = 10.0.40219.1
Project("{FAE04EC0-301F-11D3-BF4B-00C04F79EFBC}") = "laba3.2.2", "laba3.2.2\laba3.2.2.csproj", "{43C8F1E0-47AA-4AEF-BB4B-1B26831F1BE8}"
EndProject
Global
	GlobalSection(SolutionConfigurationPlatforms) = preSolution
		Debug|Any CPU = Debug|Any CPU
		Release|Any CPU = Release|Any CPU
	EndGlobalSection
	GlobalSection(ProjectConfigurationPlatforms) = postSolution
		{43C8F1E0-47AA-4AEF-BB4B-1B26831F1BE8}.Debug|Any CPU.ActiveCfg = Debug|Any CPU
		{43C8F1E0-47AA-4AEF-BB4B-1B26831F1BE8}.Debug|Any CPU.Build.0 = Debug|Any CPU
		{43C8F1E0-47AA-4AEF-BB4B-1B26831F1BE8}.Release|Any CPU.ActiveCfg = Release|Any CPU
		{43C8F1E0-47AA-4AEF-BB4B-1B26831F1BE8}.Release|Any CPU.Build.0 = Release|Any CPU
	EndGlobalSection
	GlobalSection(SolutionProperties) = preSolution
		HideSolutionNode = FALSE
	EndGlobalSection
	GlobalSection(ExtensibilityGlobals) = postSolution
		SolutionGuid = {BA816182-A416-4A2C-9F8F-962651F9B4CB}
	EndGlobalSection
EndGlobal
