
Microsoft Visual Studio Solution File, Format Version 12.00
# Visual Studio Version 16
VisualStudioVersion = 16.0.30011.22
MinimumVisualStudioVersion = 10.0.40219.1
Project("{FAE04EC0-301F-11D3-BF4B-00C04F79EFBC}") = "laba3.1", "laba3.1\laba3.1.csproj", "{945932D7-5D2D-45B5-A992-617C26927341}"
EndProject
Global
	GlobalSection(SolutionConfigurationPlatforms) = preSolution
		Debug|Any CPU = Debug|Any CPU
		Release|Any CPU = Release|Any CPU
	EndGlobalSection
	GlobalSection(ProjectConfigurationPlatforms) = postSolution
		{945932D7-5D2D-45B5-A992-617C26927341}.Debug|Any CPU.ActiveCfg = Debug|Any CPU
		{945932D7-5D2D-45B5-A992-617C26927341}.Debug|Any CPU.Build.0 = Debug|Any CPU
		{945932D7-5D2D-45B5-A992-617C26927341}.Release|Any CPU.ActiveCfg = Release|Any CPU
		{945932D7-5D2D-45B5-A992-617C26927341}.Release|Any CPU.Build.0 = Release|Any CPU
	EndGlobalSection
	GlobalSection(SolutionProperties) = preSolution
		HideSolutionNode = FALSE
	EndGlobalSection
	GlobalSection(ExtensibilityGlobals) = postSolution
		SolutionGuid = {2F189CEE-D5DB-46AD-8480-1F685A380465}
	EndGlobalSection
EndGlobal
